# THIS IS AN AUTOGENERATED FILE. DO NOT EDIT THIS FILE DIRECTLY.
# yarn lockfile v1


"@stencil/core@^2.13.0":
  version "2.13.0"
  resolved "https://registry.yarnpkg.com/@stencil/core/-/core-2.13.0.tgz#993fd74a5c7c8fe8af75848ca9df2211cd05b818"
  integrity sha512-EEKHOHgYpg3/iFUKMXTZJjUayRul7sXDwNw0OGgkEOe4t7JWiibDkzUHuruvpbqEydX+z1+ez5K2bMMY76c2wA==

"@stencil/router@^1.0.1":
  version "1.0.1"
  resolved "https://registry.yarnpkg.com/@stencil/router/-/router-1.0.1.tgz#f95bcc67ef8d832c16a117487a277d4ce2973d2a"
  integrity sha512-ZMholl1BE+glNAc/8pcEb9RYkeH0XETxsJbx6D7f3azTmaTXqKYty1IACP/3BtVjuimpfLdxQJ+J95wKmnYBtA==
  dependencies:
    "@stencil/state-tunnel" "^1.0.1"

"@stencil/sass@^1.5.2":
  version "1.5.2"
  resolved "https://registry.yarnpkg.com/@stencil/sass/-/sass-1.5.2.tgz#861dffe90a8d911b6b2af4a36d8928b5264a8646"
  integrity sha512-nJ93pUSylsGsMX0eLmhxh1oEljcUjj5mYjhB9ziCdoaydAdjukrUoqDCC7tdVbOcBo2hKptQyWqCtETnBGYsXQ==

"@stencil/state-tunnel@^1.0.1":
  version "1.0.1"
  resolved "https://registry.yarnpkg.com/@stencil/state-tunnel/-/state-tunnel-1.0.1.tgz#21324f494ad719732505c8134099e415ac4c3c81"
  integrity sha512-DYG8uROgL9hkjVTCtCfRBb0d3FwpiFB0muRrNZQ2X1Qo5hxMuNNji76/ILddqeq0AfgkKCW82xrMPDpy+rNIhQ==

moment@^2.29.1:
  version "2.29.1"
  resolved "https://registry.yarnpkg.com/moment/-/moment-2.29.1.tgz#b2be769fa31940be9eeea6469c075e35006fa3d3"
  integrity sha512-kHmoybcPV8Sqy59DwNDY3Jefr64lK/by/da0ViFcuA4DH0vQg5Q6Ze5VimxkfQNSC+Mls/Kx53s7TjP1RhFEDQ==
